Microsoft Visual Studio Solution File, Format Version 10.00
# Visual Studio 2008
Project("{FAE04EC0-301F-11D3-BF4B-00C04F79EFBC}") = "CachingService", "CachingService\CachingService.csproj", "{13A90785-B4AB-4404-8371-2BB1744ACFC7}"
EndProject
Project("{FAE04EC0-301F-11D3-BF4B-00C04F79EFBC}") = "DatabaseUpdater", "DatabaseUpdater\DatabaseUpdater.csproj", "{DFC5360D-3FAD-498E-88BC-89BC5EF4AB3E}"
EndProject
Project("{FAE04EC0-301F-11D3-BF4B-00C04F79EFBC}") = "BusinessClasses", "BusinessClasses\BusinessClasses.csproj", "{7ED97C33-57AB-4A04-9014-03A3827E4FDE}"
EndProject
Project("{FAE04EC0-301F-11D3-BF4B-00C04F79EFBC}") = "Client", "Client\Client.csproj", "{3486DDCB-C42E-4419-B52D-6ED2E62D9211}"
EndProject
Project("{FAE04EC0-301F-11D3-BF4B-00C04F79EFBC}") = "ServiceDataStore", "ServiceDataStore\ServiceDataStore.csproj", "{40618E04-25A7-4E9D-BF39-9DE41BC74EB1}"
EndProject
Global
	GlobalSection(SolutionConfigurationPlatforms) = preSolution
		Debug|Any CPU = Debug|Any CPU
		Release|Any CPU = Release|Any CPU
	EndGlobalSection
	GlobalSection(ProjectConfigurationPlatforms) = postSolution
		{13A90785-B4AB-4404-8371-2BB1744ACFC7}.Debug|Any CPU.ActiveCfg = Debug|Any CPU
		{13A90785-B4AB-4404-8371-2BB1744ACFC7}.Debug|Any CPU.Build.0 = Debug|Any CPU
		{13A90785-B4AB-4404-8371-2BB1744ACFC7}.Release|Any CPU.ActiveCfg = Release|Any CPU
		{13A90785-B4AB-4404-8371-2BB1744ACFC7}.Release|Any CPU.Build.0 = Release|Any CPU
		{DFC5360D-3FAD-498E-88BC-89BC5EF4AB3E}.Debug|Any CPU.ActiveCfg = Debug|Any CPU
		{DFC5360D-3FAD-498E-88BC-89BC5EF4AB3E}.Debug|Any CPU.Build.0 = Debug|Any CPU
		{DFC5360D-3FAD-498E-88BC-89BC5EF4AB3E}.Release|Any CPU.ActiveCfg = Release|Any CPU
		{DFC5360D-3FAD-498E-88BC-89BC5EF4AB3E}.Release|Any CPU.Build.0 = Release|Any CPU
		{7ED97C33-57AB-4A04-9014-03A3827E4FDE}.Debug|Any CPU.ActiveCfg = Debug|Any CPU
		{7ED97C33-57AB-4A04-9014-03A3827E4FDE}.Debug|Any CPU.Build.0 = Debug|Any CPU
		{7ED97C33-57AB-4A04-9014-03A3827E4FDE}.Release|Any CPU.ActiveCfg = Release|Any CPU
		{7ED97C33-57AB-4A04-9014-03A3827E4FDE}.Release|Any CPU.Build.0 = Release|Any CPU
		{3486DDCB-C42E-4419-B52D-6ED2E62D9211}.Debug|Any CPU.ActiveCfg = Debug|Any CPU
		{3486DDCB-C42E-4419-B52D-6ED2E62D9211}.Debug|Any CPU.Build.0 = Debug|Any CPU
		{3486DDCB-C42E-4419-B52D-6ED2E62D9211}.Release|Any CPU.ActiveCfg = Release|Any CPU
		{3486DDCB-C42E-4419-B52D-6ED2E62D9211}.Release|Any CPU.Build.0 = Release|Any CPU
		{40618E04-25A7-4E9D-BF39-9DE41BC74EB1}.Debug|Any CPU.ActiveCfg = Debug|Any CPU
		{40618E04-25A7-4E9D-BF39-9DE41BC74EB1}.Debug|Any CPU.Build.0 = Debug|Any CPU
		{40618E04-25A7-4E9D-BF39-9DE41BC74EB1}.Release|Any CPU.ActiveCfg = Release|Any CPU
		{40618E04-25A7-4E9D-BF39-9DE41BC74EB1}.Release|Any CPU.Build.0 = Release|Any CPU
	EndGlobalSection
	GlobalSection(SolutionProperties) = preSolution
		HideSolutionNode = FALSE
	EndGlobalSection
EndGlobal
